
Microsoft Visual Studio Solution File, Format Version 12.00
# Visual Studio Version 17
VisualStudioVersion = 17.1.32407.343
MinimumVisualStudioVersion = 10.0.40219.1
Project("{FAE04EC0-301F-11D3-BF4B-00C04F79EFBC}") = "QuickBudget.API", "QuickBudget.API\QuickBudget.API.csproj", "{C2F3C2BA-3CB8-474B-84EB-63B170C23396}"
EndProject
Project("{2150E333-8FDC-42A3-9474-1A3956D46DE8}") = "Application", "Application", "{7C900347-0C55-417D-8D9C-15BA390FBA70}"
EndProject
Project("{2150E333-8FDC-42A3-9474-1A3956D46DE8}") = "Domain", "Domain", "{6007DEC9-CA99-40CC-9923-C5A7B894B816}"
EndProject
Project("{2150E333-8FDC-42A3-9474-1A3956D46DE8}") = "Infrastructure", "Infrastructure", "{546C325D-8633-4FEB-A83F-87B4647461A3}"
EndProject
Project("{2150E333-8FDC-42A3-9474-1A3956D46DE8}") = "Persistance", "Persistance", "{E775814C-AD61-4468-AA93-A58CBA144F6F}"
EndProject
Project("{FAE04EC0-301F-11D3-BF4B-00C04F79EFBC}") = "QuickBudget.Persistance", "..\QuickBudget.Persistance\QuickBudget.Persistance.csproj", "{5F00BE41-E582-45E9-A3E2-941D7BABB898}"
EndProject
Project("{FAE04EC0-301F-11D3-BF4B-00C04F79EFBC}") = "QuickBudget.Application", "..\QuickBudget.Application\QuickBudget.Application.csproj", "{7786A36E-D1BE-476A-9030-965943C2FDBA}"
EndProject
Project("{FAE04EC0-301F-11D3-BF4B-00C04F79EFBC}") = "QuickBudget.Infrastructure", "..\QuickBudget.Infrastructure\QuickBudget.Infrastructure.csproj", "{D16C8E18-4E42-447F-99CB-D8C248B29926}"
EndProject
Project("{FAE04EC0-301F-11D3-BF4B-00C04F79EFBC}") = "QuickBudget.Domain", "..\QuickBudget.Domain\QuickBudget.Domain.csproj", "{887E4DBE-35F9-4AE3-ADF9-BB9C8D7BFEF2}"
EndProject
Global
	GlobalSection(SolutionConfigurationPlatforms) = preSolution
		Debug|Any CPU = Debug|Any CPU
		Release|Any CPU = Release|Any CPU
	EndGlobalSection
	GlobalSection(ProjectConfigurationPlatforms) = postSolution
		{C2F3C2BA-3CB8-474B-84EB-63B170C23396}.Debug|Any CPU.ActiveCfg = Debug|Any CPU
		{C2F3C2BA-3CB8-474B-84EB-63B170C23396}.Debug|Any CPU.Build.0 = Debug|Any CPU
		{C2F3C2BA-3CB8-474B-84EB-63B170C23396}.Release|Any CPU.ActiveCfg = Release|Any CPU
		{C2F3C2BA-3CB8-474B-84EB-63B170C23396}.Release|Any CPU.Build.0 = Release|Any CPU
		{5F00BE41-E582-45E9-A3E2-941D7BABB898}.Debug|Any CPU.ActiveCfg = Debug|Any CPU
		{5F00BE41-E582-45E9-A3E2-941D7BABB898}.Debug|Any CPU.Build.0 = Debug|Any CPU
		{5F00BE41-E582-45E9-A3E2-941D7BABB898}.Release|Any CPU.ActiveCfg = Release|Any CPU
		{5F00BE41-E582-45E9-A3E2-941D7BABB898}.Release|Any CPU.Build.0 = Release|Any CPU
		{7786A36E-D1BE-476A-9030-965943C2FDBA}.Debug|Any CPU.ActiveCfg = Debug|Any CPU
		{7786A36E-D1BE-476A-9030-965943C2FDBA}.Debug|Any CPU.Build.0 = Debug|Any CPU
		{7786A36E-D1BE-476A-9030-965943C2FDBA}.Release|Any CPU.ActiveCfg = Release|Any CPU
		{7786A36E-D1BE-476A-9030-965943C2FDBA}.Release|Any CPU.Build.0 = Release|Any CPU
		{D16C8E18-4E42-447F-99CB-D8C248B29926}.Debug|Any CPU.ActiveCfg = Debug|Any CPU
		{D16C8E18-4E42-447F-99CB-D8C248B29926}.Debug|Any CPU.Build.0 = Debug|Any CPU
		{D16C8E18-4E42-447F-99CB-D8C248B29926}.Release|Any CPU.ActiveCfg = Release|Any CPU
		{D16C8E18-4E42-447F-99CB-D8C248B29926}.Release|Any CPU.Build.0 = Release|Any CPU
		{887E4DBE-35F9-4AE3-ADF9-BB9C8D7BFEF2}.Debug|Any CPU.ActiveCfg = Debug|Any CPU
		{887E4DBE-35F9-4AE3-ADF9-BB9C8D7BFEF2}.Debug|Any CPU.Build.0 = Debug|Any CPU
		{887E4DBE-35F9-4AE3-ADF9-BB9C8D7BFEF2}.Release|Any CPU.ActiveCfg = Release|Any CPU
		{887E4DBE-35F9-4AE3-ADF9-BB9C8D7BFEF2}.Release|Any CPU.Build.0 = Release|Any CPU
	EndGlobalSection
	GlobalSection(SolutionProperties) = preSolution
		HideSolutionNode = FALSE
	EndGlobalSection
	GlobalSection(NestedProjects) = preSolution
		{5F00BE41-E582-45E9-A3E2-941D7BABB898} = {E775814C-AD61-4468-AA93-A58CBA144F6F}
		{7786A36E-D1BE-476A-9030-965943C2FDBA} = {7C900347-0C55-417D-8D9C-15BA390FBA70}
		{D16C8E18-4E42-447F-99CB-D8C248B29926} = {546C325D-8633-4FEB-A83F-87B4647461A3}
		{887E4DBE-35F9-4AE3-ADF9-BB9C8D7BFEF2} = {6007DEC9-CA99-40CC-9923-C5A7B894B816}
	EndGlobalSection
	GlobalSection(ExtensibilityGlobals) = postSolution
		SolutionGuid = {A6D4704A-47E0-4035-82DA-521AFA1008A7}
	EndGlobalSection
EndGlobal
